# THIS IS AN AUTOGENERATED FILE. DO NOT EDIT THIS FILE DIRECTLY.
# yarn lockfile v1


cypress-each@^1.14.0:
  version "1.14.0"
  resolved "https://registry.yarnpkg.com/cypress-each/-/cypress-each-1.14.0.tgz#dcaf569b74ac93374c1f55f4672eb5185c38f22a"
  integrity sha512-mUpF5KSSBy0kQaxYPLFswHceYoUMpXWRAJJ2LrcuHu1Vp5lgMw96lLtpDsNGID13FQhBfPSW6FmYBBCQqdJRBg==
